
Microsoft Visual Studio Solution File, Format Version 12.00
Project("{FAE04EC0-301F-11D3-BF4B-00C04F79EFBC}") = "ArrayTester1", "ArrayTester1.csproj", "{1E5195C7-1996-4C85-8492-9A2952FB93EB}"
EndProject
Global
	GlobalSection(SolutionConfigurationPlatforms) = preSolution
		Debug|Any CPU = Debug|Any CPU
		Release|Any CPU = Release|Any CPU
	EndGlobalSection
	GlobalSection(ProjectConfigurationPlatforms) = postSolution
		{1E5195C7-1996-4C85-8492-9A2952FB93EB}.Debug|Any CPU.ActiveCfg = Debug|Any CPU
		{1E5195C7-1996-4C85-8492-9A2952FB93EB}.Debug|Any CPU.Build.0 = Debug|Any CPU
		{1E5195C7-1996-4C85-8492-9A2952FB93EB}.Release|Any CPU.ActiveCfg = Release|Any CPU
		{1E5195C7-1996-4C85-8492-9A2952FB93EB}.Release|Any CPU.Build.0 = Release|Any CPU
	EndGlobalSection
EndGlobal
